
Microsoft Visual Studio Solution File, Format Version 12.00
# Visual Studio Version 17
VisualStudioVersion = 17.5.33516.290
MinimumVisualStudioVersion = 10.0.40219.1
Project("{9A19103F-16F7-4668-BE54-9A1E7A4F7556}") = "CatalogService", "CatalogService\CatalogService.csproj", "{44DB6BDE-29A5-44A1-8485-7BAD4E5D5CF8}"
EndProject
Project("{9A19103F-16F7-4668-BE54-9A1E7A4F7556}") = "Domain", "Domain\Domain.csproj", "{17108DC5-880B-4E81-B8A1-19CBBBB67CB3}"
EndProject
Project("{9A19103F-16F7-4668-BE54-9A1E7A4F7556}") = "Infrastructure", "Infrastructure\Infrastructure.csproj", "{7C582C1C-E313-4DB6-B1A2-ED775691AC0F}"
EndProject
Project("{E53339B2-1760-4266-BCC7-CA923CBCF16C}") = "docker-compose", "docker-compose.dcproj", "{FF68D37B-3A37-4709-9C32-3BC31EA3F723}"
EndProject
Project("{9A19103F-16F7-4668-BE54-9A1E7A4F7556}") = "Service", "Service\Service.csproj", "{4990B3B8-E2E1-452F-A121-CBBE192C74D7}"
EndProject
Project("{2150E333-8FDC-42A3-9474-1A3956D46DE8}") = "Postman", "Postman", "{073A46E0-FC71-4D8F-8757-D6C9DEEF9036}"
	ProjectSection(SolutionItems) = preProject
		Postman\catalog service.postman_collection.json = Postman\catalog service.postman_collection.json
	EndProjectSection
EndProject
Project("{9A19103F-16F7-4668-BE54-9A1E7A4F7556}") = "Tests", "Tests\Tests.csproj", "{73B30C37-5C0A-4E86-816F-A493CC2154D6}"
EndProject
Global
	GlobalSection(SolutionConfigurationPlatforms) = preSolution
		Debug|Any CPU = Debug|Any CPU
		Release|Any CPU = Release|Any CPU
	EndGlobalSection
	GlobalSection(ProjectConfigurationPlatforms) = postSolution
		{44DB6BDE-29A5-44A1-8485-7BAD4E5D5CF8}.Debug|Any CPU.ActiveCfg = Debug|Any CPU
		{44DB6BDE-29A5-44A1-8485-7BAD4E5D5CF8}.Debug|Any CPU.Build.0 = Debug|Any CPU
		{44DB6BDE-29A5-44A1-8485-7BAD4E5D5CF8}.Release|Any CPU.ActiveCfg = Release|Any CPU
		{44DB6BDE-29A5-44A1-8485-7BAD4E5D5CF8}.Release|Any CPU.Build.0 = Release|Any CPU
		{17108DC5-880B-4E81-B8A1-19CBBBB67CB3}.Debug|Any CPU.ActiveCfg = Debug|Any CPU
		{17108DC5-880B-4E81-B8A1-19CBBBB67CB3}.Debug|Any CPU.Build.0 = Debug|Any CPU
		{17108DC5-880B-4E81-B8A1-19CBBBB67CB3}.Release|Any CPU.ActiveCfg = Release|Any CPU
		{17108DC5-880B-4E81-B8A1-19CBBBB67CB3}.Release|Any CPU.Build.0 = Release|Any CPU
		{7C582C1C-E313-4DB6-B1A2-ED775691AC0F}.Debug|Any CPU.ActiveCfg = Debug|Any CPU
		{7C582C1C-E313-4DB6-B1A2-ED775691AC0F}.Debug|Any CPU.Build.0 = Debug|Any CPU
		{7C582C1C-E313-4DB6-B1A2-ED775691AC0F}.Release|Any CPU.ActiveCfg = Release|Any CPU
		{7C582C1C-E313-4DB6-B1A2-ED775691AC0F}.Release|Any CPU.Build.0 = Release|Any CPU
		{FF68D37B-3A37-4709-9C32-3BC31EA3F723}.Debug|Any CPU.ActiveCfg = Debug|Any CPU
		{FF68D37B-3A37-4709-9C32-3BC31EA3F723}.Debug|Any CPU.Build.0 = Debug|Any CPU
		{FF68D37B-3A37-4709-9C32-3BC31EA3F723}.Release|Any CPU.ActiveCfg = Release|Any CPU
		{FF68D37B-3A37-4709-9C32-3BC31EA3F723}.Release|Any CPU.Build.0 = Release|Any CPU
		{4990B3B8-E2E1-452F-A121-CBBE192C74D7}.Debug|Any CPU.ActiveCfg = Debug|Any CPU
		{4990B3B8-E2E1-452F-A121-CBBE192C74D7}.Debug|Any CPU.Build.0 = Debug|Any CPU
		{4990B3B8-E2E1-452F-A121-CBBE192C74D7}.Release|Any CPU.ActiveCfg = Release|Any CPU
		{4990B3B8-E2E1-452F-A121-CBBE192C74D7}.Release|Any CPU.Build.0 = Release|Any CPU
		{73B30C37-5C0A-4E86-816F-A493CC2154D6}.Debug|Any CPU.ActiveCfg = Debug|Any CPU
		{73B30C37-5C0A-4E86-816F-A493CC2154D6}.Debug|Any CPU.Build.0 = Debug|Any CPU
		{73B30C37-5C0A-4E86-816F-A493CC2154D6}.Release|Any CPU.ActiveCfg = Release|Any CPU
		{73B30C37-5C0A-4E86-816F-A493CC2154D6}.Release|Any CPU.Build.0 = Release|Any CPU
	EndGlobalSection
	GlobalSection(SolutionProperties) = preSolution
		HideSolutionNode = FALSE
	EndGlobalSection
	GlobalSection(ExtensibilityGlobals) = postSolution
		SolutionGuid = {ACD6FADC-00C5-4C61-8F14-9D2CF49D6E9D}
	EndGlobalSection
EndGlobal
